// !$*UTF8*$!
{
	archiveVersion = 1;
	classes = {
	};
	objectVersion = 56;
	objects = {

/* Begin PBXBuildFile section */
		5B5199CE2B86457400C63614 /* Love365App.swift in Sources */ = {isa = PBXBuildFile; fileRef = 5B5199CD2B86457400C63614 /* Love365App.swift */; };
		5B5199D02B86457400C63614 /* AuthenticatedView.swift in Sources */ = {isa = PBXBuildFile; fileRef = 5B5199CF2B86457400C63614 /* AuthenticatedView.swift */; };
		5B5199D52B86457600C63614 /* Preview Assets.xcassets in Resources */ = {isa = PBXBuildFile; fileRef = 5B5199D42B86457600C63614 /* Preview Assets.xcassets */; };
		5B5199DF2B86457600C63614 /* Love365Tests.swift in Sources */ = {isa = PBXBuildFile; fileRef = 5B5199DE2B86457600C63614 /* Love365Tests.swift */; };
		5B5199E92B86457600C63614 /* Love365UITests.swift in Sources */ = {isa = PBXBuildFile; fileRef = 5B5199E82B86457600C63614 /* Love365UITests.swift */; };
		5B5199EB2B86457600C63614 /* Love365UITestsLaunchTests.swift in Sources */ = {isa = PBXBuildFile; fileRef = 5B5199EA2B86457600C63614 /* Love365UITestsLaunchTests.swift */; };
		5B5199F82B86497D00C63614 /* Assets.xcassets in Resources */ = {isa = PBXBuildFile; fileRef = 5B5199F72B86497C00C63614 /* Assets.xcassets */; };
		5B5199FC2B864DBB00C63614 /* DIContainer.swift in Sources */ = {isa = PBXBuildFile; fileRef = 5B5199FB2B864DBB00C63614 /* DIContainer.swift */; };
		5B5199FF2B864DF800C63614 /* Services.swift in Sources */ = {isa = PBXBuildFile; fileRef = 5B5199FE2B864DF800C63614 /* Services.swift */; };
		5B519A042B864EB500C63614 /* AuthenticationViewModel.swift in Sources */ = {isa = PBXBuildFile; fileRef = 5B519A032B864EB500C63614 /* AuthenticationViewModel.swift */; };
		5B519A092B86510000C63614 /* FirebaseAuth in Frameworks */ = {isa = PBXBuildFile; productRef = 5B519A082B86510000C63614 /* FirebaseAuth */; };
		5B519A0B2B86514D00C63614 /* Appdelegate.swift in Sources */ = {isa = PBXBuildFile; fileRef = 5B519A0A2B86514D00C63614 /* Appdelegate.swift */; };
		5B519A0D2B86524E00C63614 /* GoogleService-Info.plist in Resources */ = {isa = PBXBuildFile; fileRef = 5B519A0C2B86524E00C63614 /* GoogleService-Info.plist */; };
		5B519A0F2B86533C00C63614 /* AuthenticationService.swift in Sources */ = {isa = PBXBuildFile; fileRef = 5B519A0E2B86533C00C63614 /* AuthenticationService.swift */; };
		5B519A142B865E1700C63614 /* LoginIntroView.swift in Sources */ = {isa = PBXBuildFile; fileRef = 5B519A132B865E1700C63614 /* LoginIntroView.swift */; };
		5B519A162B865E1E00C63614 /* MainTabView.swift in Sources */ = {isa = PBXBuildFile; fileRef = 5B519A152B865E1E00C63614 /* MainTabView.swift */; };
		5B519A182B86607D00C63614 /* LoginButtonStyle.swift in Sources */ = {isa = PBXBuildFile; fileRef = 5B519A172B86607D00C63614 /* LoginButtonStyle.swift */; };
		5B519A1A2B86632800C63614 /* LoginView.swift in Sources */ = {isa = PBXBuildFile; fileRef = 5B519A192B86632800C63614 /* LoginView.swift */; };
		5B519A1D2B866BD600C63614 /* GoogleSignIn in Frameworks */ = {isa = PBXBuildFile; productRef = 5B519A1C2B866BD600C63614 /* GoogleSignIn */; };
		5B519A202B866CBF00C63614 /* User.swift in Sources */ = {isa = PBXBuildFile; fileRef = 5B519A1F2B866CBF00C63614 /* User.swift */; };
		5B519A222B866E0800C63614 /* ErrorType.swift in Sources */ = {isa = PBXBuildFile; fileRef = 5B519A212B866E0800C63614 /* ErrorType.swift */; };
		5B519A262B86709D00C63614 /* SHA256.swift in Sources */ = {isa = PBXBuildFile; fileRef = 5B519A242B86709D00C63614 /* SHA256.swift */; };
		5B519A272B86709D00C63614 /* RandomNonceString.swift in Sources */ = {isa = PBXBuildFile; fileRef = 5B519A252B86709D00C63614 /* RandomNonceString.swift */; };
		5B519A2A2B86746D00C63614 /* FirebaseDatabase in Frameworks */ = {isa = PBXBuildFile; productRef = 5B519A292B86746D00C63614 /* FirebaseDatabase */; };
		5B519A2C2B86747A00C63614 /* FirebaseMessaging in Frameworks */ = {isa = PBXBuildFile; productRef = 5B519A2B2B86747A00C63614 /* FirebaseMessaging */; };
		5B519A2E2B86748400C63614 /* FirebaseStorageCombine-Community in Frameworks */ = {isa = PBXBuildFile; productRef = 5B519A2D2B86748400C63614 /* FirebaseStorageCombine-Community */; };
		5B519A302B86749700C63614 /* FirebaseStorage in Frameworks */ = {isa = PBXBuildFile; productRef = 5B519A2F2B86749700C63614 /* FirebaseStorage */; };
/* End PBXBuildFile section */

/* Begin PBXContainerItemProxy section */
		5B5199DB2B86457600C63614 /* PBXContainerItemProxy */ = {
			isa = PBXContainerItemProxy;
			containerPortal = 5B5199C22B86457400C63614 /* Project object */;
			proxyType = 1;
			remoteGlobalIDString = 5B5199C92B86457400C63614;
			remoteInfo = Love365;
		};
		5B5199E52B86457600C63614 /* PBXContainerItemProxy */ = {
			isa = PBXContainerItemProxy;
			containerPortal = 5B5199C22B86457400C63614 /* Project object */;
			proxyType = 1;
			remoteGlobalIDString = 5B5199C92B86457400C63614;
			remoteInfo = Love365;
		};
/* End PBXContainerItemProxy section */

/* Begin PBXFileReference section */
		5B5199CA2B86457400C63614 /* Love365.app */ = {isa = PBXFileReference; explicitFileType = wrapper.application; includeInIndex = 0; path = Love365.app; sourceTree = BUILT_PRODUCTS_DIR; };
		5B5199CD2B86457400C63614 /* Love365App.swift */ = {isa = PBXFileReference; lastKnownFileType = sourcecode.swift; path = Love365App.swift; sourceTree = "<group>"; };
		5B5199CF2B86457400C63614 /* AuthenticatedView.swift */ = {isa = PBXFileReference; lastKnownFileType = sourcecode.swift; path = AuthenticatedView.swift; sourceTree = "<group>"; };
		5B5199D42B86457600C63614 /* Preview Assets.xcassets */ = {isa = PBXFileReference; lastKnownFileType = folder.assetcatalog; path = "Preview Assets.xcassets"; sourceTree = "<group>"; };
		5B5199DA2B86457600C63614 /* Love365Tests.xctest */ = {isa = PBXFileReference; explicitFileType = wrapper.cfbundle; includeInIndex = 0; path = Love365Tests.xctest; sourceTree = BUILT_PRODUCTS_DIR; };
		5B5199DE2B86457600C63614 /* Love365Tests.swift */ = {isa = PBXFileReference; lastKnownFileType = sourcecode.swift; path = Love365Tests.swift; sourceTree = "<group>"; };
		5B5199E42B86457600C63614 /* Love365UITests.xctest */ = {isa = PBXFileReference; explicitFileType = wrapper.cfbundle; includeInIndex = 0; path = Love365UITests.xctest; sourceTree = BUILT_PRODUCTS_DIR; };
		5B5199E82B86457600C63614 /* Love365UITests.swift */ = {isa = PBXFileReference; lastKnownFileType = sourcecode.swift; path = Love365UITests.swift; sourceTree = "<group>"; };
		5B5199EA2B86457600C63614 /* Love365UITestsLaunchTests.swift */ = {isa = PBXFileReference; lastKnownFileType = sourcecode.swift; path = Love365UITestsLaunchTests.swift; sourceTree = "<group>"; };
		5B5199F72B86497C00C63614 /* Assets.xcassets */ = {isa = PBXFileReference; lastKnownFileType = folder.assetcatalog; name = Assets.xcassets; path = ../../../Downloads/AppIcons/Assets.xcassets; sourceTree = "<group>"; };
		5B5199F92B864B8D00C63614 /* Info.plist */ = {isa = PBXFileReference; lastKnownFileType = text.plist; path = Info.plist; sourceTree = "<group>"; };
		5B5199FB2B864DBB00C63614 /* DIContainer.swift */ = {isa = PBXFileReference; lastKnownFileType = sourcecode.swift; path = DIContainer.swift; sourceTree = "<group>"; };
		5B5199FE2B864DF800C63614 /* Services.swift */ = {isa = PBXFileReference; lastKnownFileType = sourcecode.swift; path = Services.swift; sourceTree = "<group>"; };
		5B519A032B864EB500C63614 /* AuthenticationViewModel.swift */ = {isa = PBXFileReference; lastKnownFileType = sourcecode.swift; path = AuthenticationViewModel.swift; sourceTree = "<group>"; };
		5B519A0A2B86514D00C63614 /* Appdelegate.swift */ = {isa = PBXFileReference; lastKnownFileType = sourcecode.swift; path = Appdelegate.swift; sourceTree = "<group>"; };
		5B519A0C2B86524E00C63614 /* GoogleService-Info.plist */ = {isa = PBXFileReference; fileEncoding = 4; lastKnownFileType = text.plist.xml; path = "GoogleService-Info.plist"; sourceTree = "<group>"; };
		5B519A0E2B86533C00C63614 /* AuthenticationService.swift */ = {isa = PBXFileReference; lastKnownFileType = sourcecode.swift; path = AuthenticationService.swift; sourceTree = "<group>"; };
		5B519A102B8654BC00C63614 /* Secrets.xcconfig */ = {isa = PBXFileReference; lastKnownFileType = text.xcconfig; path = Secrets.xcconfig; sourceTree = "<group>"; };
		5B519A132B865E1700C63614 /* LoginIntroView.swift */ = {isa = PBXFileReference; lastKnownFileType = sourcecode.swift; path = LoginIntroView.swift; sourceTree = "<group>"; };
		5B519A152B865E1E00C63614 /* MainTabView.swift */ = {isa = PBXFileReference; lastKnownFileType = sourcecode.swift; path = MainTabView.swift; sourceTree = "<group>"; };
		5B519A172B86607D00C63614 /* LoginButtonStyle.swift */ = {isa = PBXFileReference; lastKnownFileType = sourcecode.swift; path = LoginButtonStyle.swift; sourceTree = "<group>"; };
		5B519A192B86632800C63614 /* LoginView.swift */ = {isa = PBXFileReference; lastKnownFileType = sourcecode.swift; path = LoginView.swift; sourceTree = "<group>"; };
		5B519A1F2B866CBF00C63614 /* User.swift */ = {isa = PBXFileReference; lastKnownFileType = sourcecode.swift; path = User.swift; sourceTree = "<group>"; };
		5B519A212B866E0800C63614 /* ErrorType.swift */ = {isa = PBXFileReference; fileEncoding = 4; lastKnownFileType = sourcecode.swift; path = ErrorType.swift; sourceTree = "<group>"; };
		5B519A242B86709D00C63614 /* SHA256.swift */ = {isa = PBXFileReference; fileEncoding = 4; lastKnownFileType = sourcecode.swift; path = SHA256.swift; sourceTree = "<group>"; };
		5B519A252B86709D00C63614 /* RandomNonceString.swift */ = {isa = PBXFileReference; fileEncoding = 4; lastKnownFileType = sourcecode.swift; path = RandomNonceString.swift; sourceTree = "<group>"; };
/* End PBXFileReference section */

/* Begin PBXFrameworksBuildPhase section */
		5B5199C72B86457400C63614 /* Frameworks */ = {
			isa = PBXFrameworksBuildPhase;
			buildActionMask = 2147483647;
			files = (
				5B519A2C2B86747A00C63614 /* FirebaseMessaging in Frameworks */,
				5B519A2A2B86746D00C63614 /* FirebaseDatabase in Frameworks */,
				5B519A2E2B86748400C63614 /* FirebaseStorageCombine-Community in Frameworks */,
				5B519A092B86510000C63614 /* FirebaseAuth in Frameworks */,
				5B519A1D2B866BD600C63614 /* GoogleSignIn in Frameworks */,
				5B519A302B86749700C63614 /* FirebaseStorage in Frameworks */,
			);
			runOnlyForDeploymentPostprocessing = 0;
		};
		5B5199D72B86457600C63614 /* Frameworks */ = {
			isa = PBXFrameworksBuildPhase;
			buildActionMask = 2147483647;
			files = (
			);
			runOnlyForDeploymentPostprocessing = 0;
		};
		5B5199E12B86457600C63614 /* Frameworks */ = {
			isa = PBXFrameworksBuildPhase;
			buildActionMask = 2147483647;
			files = (
			);
			runOnlyForDeploymentPostprocessing = 0;
		};
/* End PBXFrameworksBuildPhase section */

/* Begin PBXGroup section */
		5B5199C12B86457400C63614 = {
			isa = PBXGroup;
			children = (
				5B5199CC2B86457400C63614 /* Love365 */,
				5B5199DD2B86457600C63614 /* Love365Tests */,
				5B5199E72B86457600C63614 /* Love365UITests */,
				5B5199CB2B86457400C63614 /* Products */,
				5B519A282B86746D00C63614 /* Frameworks */,
			);
			sourceTree = "<group>";
		};
		5B5199CB2B86457400C63614 /* Products */ = {
			isa = PBXGroup;
			children = (
				5B5199CA2B86457400C63614 /* Love365.app */,
				5B5199DA2B86457600C63614 /* Love365Tests.xctest */,
				5B5199E42B86457600C63614 /* Love365UITests.xctest */,
			);
			name = Products;
			sourceTree = "<group>";
		};
		5B5199CC2B86457400C63614 /* Love365 */ = {
			isa = PBXGroup;
			children = (
				5B5199CD2B86457400C63614 /* Love365App.swift */,
				5B519A0A2B86514D00C63614 /* Appdelegate.swift */,
				5B5199F92B864B8D00C63614 /* Info.plist */,
				5B519A0C2B86524E00C63614 /* GoogleService-Info.plist */,
				5B519A002B864E7400C63614 /* View */,
				5B519A1E2B866CA900C63614 /* Model */,
				5B5199FA2B864DA500C63614 /* General */,
				5B5199FD2B864DE400C63614 /* Service */,
				5B519A232B86709D00C63614 /* Util */,
				5B5199F72B86497C00C63614 /* Assets.xcassets */,
				5B5199D32B86457600C63614 /* Preview Content */,
				5B519A102B8654BC00C63614 /* Secrets.xcconfig */,
			);
			path = Love365;
			sourceTree = "<group>";
		};
		5B5199D32B86457600C63614 /* Preview Content */ = {
			isa = PBXGroup;
			children = (
				5B5199D42B86457600C63614 /* Preview Assets.xcassets */,
			);
			path = "Preview Content";
			sourceTree = "<group>";
		};
		5B5199DD2B86457600C63614 /* Love365Tests */ = {
			isa = PBXGroup;
			children = (
				5B5199DE2B86457600C63614 /* Love365Tests.swift */,
			);
			path = Love365Tests;
			sourceTree = "<group>";
		};
		5B5199E72B86457600C63614 /* Love365UITests */ = {
			isa = PBXGroup;
			children = (
				5B5199E82B86457600C63614 /* Love365UITests.swift */,
				5B5199EA2B86457600C63614 /* Love365UITestsLaunchTests.swift */,
			);
			path = Love365UITests;
			sourceTree = "<group>";
		};
		5B5199FA2B864DA500C63614 /* General */ = {
			isa = PBXGroup;
			children = (
				5B5199FB2B864DBB00C63614 /* DIContainer.swift */,
			);
			path = General;
			sourceTree = "<group>";
		};
		5B5199FD2B864DE400C63614 /* Service */ = {
			isa = PBXGroup;
			children = (
				5B519A212B866E0800C63614 /* ErrorType.swift */,
				5B5199FE2B864DF800C63614 /* Services.swift */,
				5B519A0E2B86533C00C63614 /* AuthenticationService.swift */,
			);
			path = Service;
			sourceTree = "<group>";
		};
		5B519A002B864E7400C63614 /* View */ = {
			isa = PBXGroup;
			children = (
				5B519A012B864E7B00C63614 /* Authentication */,
				5B519A112B865DE900C63614 /* Login */,
				5B519A122B865DF000C63614 /* Main */,
			);
			path = View;
			sourceTree = "<group>";
		};
		5B519A012B864E7B00C63614 /* Authentication */ = {
			isa = PBXGroup;
			children = (
				5B5199CF2B86457400C63614 /* AuthenticatedView.swift */,
				5B519A032B864EB500C63614 /* AuthenticationViewModel.swift */,
			);
			path = Authentication;
			sourceTree = "<group>";
		};
		5B519A112B865DE900C63614 /* Login */ = {
			isa = PBXGroup;
			children = (
				5B519A132B865E1700C63614 /* LoginIntroView.swift */,
				5B519A192B86632800C63614 /* LoginView.swift */,
				5B519A172B86607D00C63614 /* LoginButtonStyle.swift */,
			);
			path = Login;
			sourceTree = "<group>";
		};
		5B519A122B865DF000C63614 /* Main */ = {
			isa = PBXGroup;
			children = (
				5B519A152B865E1E00C63614 /* MainTabView.swift */,
			);
			path = Main;
			sourceTree = "<group>";
		};
		5B519A1E2B866CA900C63614 /* Model */ = {
			isa = PBXGroup;
			children = (
				5B519A1F2B866CBF00C63614 /* User.swift */,
			);
			path = Model;
			sourceTree = "<group>";
		};
		5B519A232B86709D00C63614 /* Util */ = {
			isa = PBXGroup;
			children = (
				5B519A242B86709D00C63614 /* SHA256.swift */,
				5B519A252B86709D00C63614 /* RandomNonceString.swift */,
			);
			path = Util;
			sourceTree = "<group>";
		};
		5B519A282B86746D00C63614 /* Frameworks */ = {
			isa = PBXGroup;
			children = (
			);
			name = Frameworks;
			sourceTree = "<group>";
		};
/* End PBXGroup section */

/* Begin PBXNativeTarget section */
		5B5199C92B86457400C63614 /* Love365 */ = {
			isa = PBXNativeTarget;
			buildConfigurationList = 5B5199EE2B86457600C63614 /* Build configuration list for PBXNativeTarget "Love365" */;
			buildPhases = (
				5B5199C62B86457400C63614 /* Sources */,
				5B5199C72B86457400C63614 /* Frameworks */,
				5B5199C82B86457400C63614 /* Resources */,
			);
			buildRules = (
			);
			dependencies = (
			);
			name = Love365;
			packageProductDependencies = (
				5B519A082B86510000C63614 /* FirebaseAuth */,
				5B519A1C2B866BD600C63614 /* GoogleSignIn */,
				5B519A292B86746D00C63614 /* FirebaseDatabase */,
				5B519A2B2B86747A00C63614 /* FirebaseMessaging */,
				5B519A2D2B86748400C63614 /* FirebaseStorageCombine-Community */,
				5B519A2F2B86749700C63614 /* FirebaseStorage */,
			);
			productName = Love365;
			productReference = 5B5199CA2B86457400C63614 /* Love365.app */;
			productType = "com.apple.product-type.application";
		};
		5B5199D92B86457600C63614 /* Love365Tests */ = {
			isa = PBXNativeTarget;
			buildConfigurationList = 5B5199F12B86457600C63614 /* Build configuration list for PBXNativeTarget "Love365Tests" */;
			buildPhases = (
				5B5199D62B86457600C63614 /* Sources */,
				5B5199D72B86457600C63614 /* Frameworks */,
				5B5199D82B86457600C63614 /* Resources */,
			);
			buildRules = (
			);
			dependencies = (
				5B5199DC2B86457600C63614 /* PBXTargetDependency */,
			);
			name = Love365Tests;
			productName = Love365Tests;
			productReference = 5B5199DA2B86457600C63614 /* Love365Tests.xctest */;
			productType = "com.apple.product-type.bundle.unit-test";
		};
		5B5199E32B86457600C63614 /* Love365UITests */ = {
			isa = PBXNativeTarget;
			buildConfigurationList = 5B5199F42B86457600C63614 /* Build configuration list for PBXNativeTarget "Love365UITests" */;
			buildPhases = (
				5B5199E02B86457600C63614 /* Sources */,
				5B5199E12B86457600C63614 /* Frameworks */,
				5B5199E22B86457600C63614 /* Resources */,
			);
			buildRules = (
			);
			dependencies = (
				5B5199E62B86457600C63614 /* PBXTargetDependency */,
			);
			name = Love365UITests;
			productName = Love365UITests;
			productReference = 5B5199E42B86457600C63614 /* Love365UITests.xctest */;
			productType = "com.apple.product-type.bundle.ui-testing";
		};
/* End PBXNativeTarget section */

/* Begin PBXProject section */
		5B5199C22B86457400C63614 /* Project object */ = {
			isa = PBXProject;
			attributes = {
				BuildIndependentTargetsInParallel = 1;
				LastSwiftUpdateCheck = 1520;
				LastUpgradeCheck = 1520;
				TargetAttributes = {
					5B5199C92B86457400C63614 = {
						CreatedOnToolsVersion = 15.2;
					};
					5B5199D92B86457600C63614 = {
						CreatedOnToolsVersion = 15.2;
						TestTargetID = 5B5199C92B86457400C63614;
					};
					5B5199E32B86457600C63614 = {
						CreatedOnToolsVersion = 15.2;
						TestTargetID = 5B5199C92B86457400C63614;
					};
				};
			};
			buildConfigurationList = 5B5199C52B86457400C63614 /* Build configuration list for PBXProject "Love365" */;
			compatibilityVersion = "Xcode 14.0";
			developmentRegion = en;
			hasScannedForEncodings = 0;
			knownRegions = (
				en,
				Base,
			);
			mainGroup = 5B5199C12B86457400C63614;
			packageReferences = (
				5B519A072B86510000C63614 /* XCRemoteSwiftPackageReference "firebase-ios-sdk" */,
				5B519A1B2B866BD600C63614 /* XCRemoteSwiftPackageReference "GoogleSignIn-iOS" */,
			);
			productRefGroup = 5B5199CB2B86457400C63614 /* Products */;
			projectDirPath = "";
			projectRoot = "";
			targets = (
				5B5199C92B86457400C63614 /* Love365 */,
				5B5199D92B86457600C63614 /* Love365Tests */,
				5B5199E32B86457600C63614 /* Love365UITests */,
			);
		};
/* End PBXProject section */

/* Begin PBXResourcesBuildPhase section */
		5B5199C82B86457400C63614 /* Resources */ = {
			isa = PBXResourcesBuildPhase;
			buildActionMask = 2147483647;
			files = (
				5B5199D52B86457600C63614 /* Preview Assets.xcassets in Resources */,
				5B519A0D2B86524E00C63614 /* GoogleService-Info.plist in Resources */,
				5B5199F82B86497D00C63614 /* Assets.xcassets in Resources */,
			);
			runOnlyForDeploymentPostprocessing = 0;
		};
		5B5199D82B86457600C63614 /* Resources */ = {
			isa = PBXResourcesBuildPhase;
			buildActionMask = 2147483647;
			files = (
			);
			runOnlyForDeploymentPostprocessing = 0;
		};
		5B5199E22B86457600C63614 /* Resources */ = {
			isa = PBXResourcesBuildPhase;
			buildActionMask = 2147483647;
			files = (
			);
			runOnlyForDeploymentPostprocessing = 0;
		};
/* End PBXResourcesBuildPhase section */

/* Begin PBXSourcesBuildPhase section */
		5B5199C62B86457400C63614 /* Sources */ = {
			isa = PBXSourcesBuildPhase;
			buildActionMask = 2147483647;
			files = (
				5B5199D02B86457400C63614 /* AuthenticatedView.swift in Sources */,
				5B519A222B866E0800C63614 /* ErrorType.swift in Sources */,
				5B519A272B86709D00C63614 /* RandomNonceString.swift in Sources */,
				5B519A042B864EB500C63614 /* AuthenticationViewModel.swift in Sources */,
				5B519A162B865E1E00C63614 /* MainTabView.swift in Sources */,
				5B5199FF2B864DF800C63614 /* Services.swift in Sources */,
				5B5199FC2B864DBB00C63614 /* DIContainer.swift in Sources */,
				5B519A0B2B86514D00C63614 /* Appdelegate.swift in Sources */,
				5B5199CE2B86457400C63614 /* Love365App.swift in Sources */,
				5B519A262B86709D00C63614 /* SHA256.swift in Sources */,
				5B519A0F2B86533C00C63614 /* AuthenticationService.swift in Sources */,
				5B519A202B866CBF00C63614 /* User.swift in Sources */,
				5B519A1A2B86632800C63614 /* LoginView.swift in Sources */,
				5B519A142B865E1700C63614 /* LoginIntroView.swift in Sources */,
				5B519A182B86607D00C63614 /* LoginButtonStyle.swift in Sources */,
			);
			runOnlyForDeploymentPostprocessing = 0;
		};
		5B5199D62B86457600C63614 /* Sources */ = {
			isa = PBXSourcesBuildPhase;
			buildActionMask = 2147483647;
			files = (
				5B5199DF2B86457600C63614 /* Love365Tests.swift in Sources */,
			);
			runOnlyForDeploymentPostprocessing = 0;
		};
		5B5199E02B86457600C63614 /* Sources */ = {
			isa = PBXSourcesBuildPhase;
			buildActionMask = 2147483647;
			files = (
				5B5199E92B86457600C63614 /* Love365UITests.swift in Sources */,
				5B5199EB2B86457600C63614 /* Love365UITestsLaunchTests.swift in Sources */,
			);
			runOnlyForDeploymentPostprocessing = 0;
		};
/* End PBXSourcesBuildPhase section */

/* Begin PBXTargetDependency section */
		5B5199DC2B86457600C63614 /* PBXTargetDependency */ = {
			isa = PBXTargetDependency;
			target = 5B5199C92B86457400C63614 /* Love365 */;
			targetProxy = 5B5199DB2B86457600C63614 /* PBXContainerItemProxy */;
		};
		5B5199E62B86457600C63614 /* PBXTargetDependency */ = {
			isa = PBXTargetDependency;
			target = 5B5199C92B86457400C63614 /* Love365 */;
			targetProxy = 5B5199E52B86457600C63614 /* PBXContainerItemProxy */;
		};
/* End PBXTargetDependency section */

/* Begin XCBuildConfiguration section */
		5B5199EC2B86457600C63614 /* Debug */ = {
			isa = XCBuildConfiguration;
			buildSettings = {
				ALWAYS_SEARCH_USER_PATHS = NO;
				ASSETCATALOG_COMPILER_GENERATE_SWIFT_ASSET_SYMBOL_EXTENSIONS = YES;
				CLANG_ANALYZER_NONNULL = YES;
				CLANG_ANALYZER_NUMBER_OBJECT_CONVERSION = YES_AGGRESSIVE;
				CLANG_CXX_LANGUAGE_STANDARD = "gnu++20";
				CLANG_ENABLE_MODULES = YES;
				CLANG_ENABLE_OBJC_ARC = YES;
				CLANG_ENABLE_OBJC_WEAK = YES;
				CLANG_WARN_BLOCK_CAPTURE_AUTORELEASING = YES;
				CLANG_WARN_BOOL_CONVERSION = YES;
				CLANG_WARN_COMMA = YES;
				CLANG_WARN_CONSTANT_CONVERSION = YES;
				CLANG_WARN_DEPRECATED_OBJC_IMPLEMENTATIONS = YES;
				CLANG_WARN_DIRECT_OBJC_ISA_USAGE = YES_ERROR;
				CLANG_WARN_DOCUMENTATION_COMMENTS = YES;
				CLANG_WARN_EMPTY_BODY = YES;
				CLANG_WARN_ENUM_CONVERSION = YES;
				CLANG_WARN_INFINITE_RECURSION = YES;
				CLANG_WARN_INT_CONVERSION = YES;
				CLANG_WARN_NON_LITERAL_NULL_CONVERSION = YES;
				CLANG_WARN_OBJC_IMPLICIT_RETAIN_SELF = YES;
				CLANG_WARN_OBJC_LITERAL_CONVERSION = YES;
				CLANG_WARN_OBJC_ROOT_CLASS = YES_ERROR;
				CLANG_WARN_QUOTED_INCLUDE_IN_FRAMEWORK_HEADER = YES;
				CLANG_WARN_RANGE_LOOP_ANALYSIS = YES;
				CLANG_WARN_STRICT_PROTOTYPES = YES;
				CLANG_WARN_SUSPICIOUS_MOVE = YES;
				CLANG_WARN_UNGUARDED_AVAILABILITY = YES_AGGRESSIVE;
				CLANG_WARN_UNREACHABLE_CODE = YES;
				CLANG_WARN__DUPLICATE_METHOD_MATCH = YES;
				COPY_PHASE_STRIP = NO;
				DEBUG_INFORMATION_FORMAT = dwarf;
				ENABLE_STRICT_OBJC_MSGSEND = YES;
				ENABLE_TESTABILITY = YES;
				ENABLE_USER_SCRIPT_SANDBOXING = YES;
				GCC_C_LANGUAGE_STANDARD = gnu17;
				GCC_DYNAMIC_NO_PIC = NO;
				GCC_NO_COMMON_BLOCKS = YES;
				GCC_OPTIMIZATION_LEVEL = 0;
				GCC_PREPROCESSOR_DEFINITIONS = (
					"DEBUG=1",
					"$(inherited)",
				);
				GCC_WARN_64_TO_32_BIT_CONVERSION = YES;
				GCC_WARN_ABOUT_RETURN_TYPE = YES_ERROR;
				GCC_WARN_UNDECLARED_SELECTOR = YES;
				GCC_WARN_UNINITIALIZED_AUTOS = YES_AGGRESSIVE;
				GCC_WARN_UNUSED_FUNCTION = YES;
				GCC_WARN_UNUSED_VARIABLE = YES;
				IPHONEOS_DEPLOYMENT_TARGET = 17.2;
				LOCALIZATION_PREFERS_STRING_CATALOGS = YES;
				MTL_ENABLE_DEBUG_INFO = INCLUDE_SOURCE;
				MTL_FAST_MATH = YES;
				ONLY_ACTIVE_ARCH = YES;
				SDKROOT = iphoneos;
				SWIFT_ACTIVE_COMPILATION_CONDITIONS = "DEBUG $(inherited)";
				SWIFT_OPTIMIZATION_LEVEL = "-Onone";
			};
			name = Debug;
		};
		5B5199ED2B86457600C63614 /* Release */ = {
			isa = XCBuildConfiguration;
			buildSettings = {
				ALWAYS_SEARCH_USER_PATHS = NO;
				ASSETCATALOG_COMPILER_GENERATE_SWIFT_ASSET_SYMBOL_EXTENSIONS = YES;
				CLANG_ANALYZER_NONNULL = YES;
				CLANG_ANALYZER_NUMBER_OBJECT_CONVERSION = YES_AGGRESSIVE;
				CLANG_CXX_LANGUAGE_STANDARD = "gnu++20";
				CLANG_ENABLE_MODULES = YES;
				CLANG_ENABLE_OBJC_ARC = YES;
				CLANG_ENABLE_OBJC_WEAK = YES;
				CLANG_WARN_BLOCK_CAPTURE_AUTORELEASING = YES;
				CLANG_WARN_BOOL_CONVERSION = YES;
				CLANG_WARN_COMMA = YES;
				CLANG_WARN_CONSTANT_CONVERSION = YES;
				CLANG_WARN_DEPRECATED_OBJC_IMPLEMENTATIONS = YES;
				CLANG_WARN_DIRECT_OBJC_ISA_USAGE = YES_ERROR;
				CLANG_WARN_DOCUMENTATION_COMMENTS = YES;
				CLANG_WARN_EMPTY_BODY = YES;
				CLANG_WARN_ENUM_CONVERSION = YES;
				CLANG_WARN_INFINITE_RECURSION = YES;
				CLANG_WARN_INT_CONVERSION = YES;
				CLANG_WARN_NON_LITERAL_NULL_CONVERSION = YES;
				CLANG_WARN_OBJC_IMPLICIT_RETAIN_SELF = YES;
				CLANG_WARN_OBJC_LITERAL_CONVERSION = YES;
				CLANG_WARN_OBJC_ROOT_CLASS = YES_ERROR;
				CLANG_WARN_QUOTED_INCLUDE_IN_FRAMEWORK_HEADER = YES;
				CLANG_WARN_RANGE_LOOP_ANALYSIS = YES;
				CLANG_WARN_STRICT_PROTOTYPES = YES;
				CLANG_WARN_SUSPICIOUS_MOVE = YES;
				CLANG_WARN_UNGUARDED_AVAILABILITY = YES_AGGRESSIVE;
				CLANG_WARN_UNREACHABLE_CODE = YES;
				CLANG_WARN__DUPLICATE_METHOD_MATCH = YES;
				COPY_PHASE_STRIP = NO;
				DEBUG_INFORMATION_FORMAT = "dwarf-with-dsym";
				ENABLE_NS_ASSERTIONS = NO;
				ENABLE_STRICT_OBJC_MSGSEND = YES;
				ENABLE_USER_SCRIPT_SANDBOXING = YES;
				GCC_C_LANGUAGE_STANDARD = gnu17;
				GCC_NO_COMMON_BLOCKS = YES;
				GCC_WARN_64_TO_32_BIT_CONVERSION = YES;
				GCC_WARN_ABOUT_RETURN_TYPE = YES_ERROR;
				GCC_WARN_UNDECLARED_SELECTOR = YES;
				GCC_WARN_UNINITIALIZED_AUTOS = YES_AGGRESSIVE;
				GCC_WARN_UNUSED_FUNCTION = YES;
				GCC_WARN_UNUSED_VARIABLE = YES;
				IPHONEOS_DEPLOYMENT_TARGET = 17.2;
				LOCALIZATION_PREFERS_STRING_CATALOGS = YES;
				MTL_ENABLE_DEBUG_INFO = NO;
				MTL_FAST_MATH = YES;
				SDKROOT = iphoneos;
				SWIFT_COMPILATION_MODE = wholemodule;
				VALIDATE_PRODUCT = YES;
			};
			name = Release;
		};
		5B5199EF2B86457600C63614 /* Debug */ = {
			isa = XCBuildConfiguration;
			baseConfigurationReference = 5B519A102B8654BC00C63614 /* Secrets.xcconfig */;
			buildSettings = {
				ASSETCATALOG_COMPILER_APPICON_NAME = AppIcon;
				ASSETCATALOG_COMPILER_GLOBAL_ACCENT_COLOR_NAME = AccentColor;
				CODE_SIGN_STYLE = Automatic;
				CURRENT_PROJECT_VERSION = 1;
				DEVELOPMENT_ASSET_PATHS = "\"Love365/Preview Content\"";
				DEVELOPMENT_TEAM = R8DA69Y9YC;
				ENABLE_PREVIEWS = YES;
				GENERATE_INFOPLIST_FILE = YES;
				INFOPLIST_FILE = Love365/Info.plist;
				INFOPLIST_KEY_UIApplicationSceneManifest_Generation = YES;
				INFOPLIST_KEY_UIApplicationSupportsIndirectInputEvents = YES;
				INFOPLIST_KEY_UISupportedInterfaceOrientations = UIInterfaceOrientationPortrait;
				IPHONEOS_DEPLOYMENT_TARGET = 16.0;
				LD_RUNPATH_SEARCH_PATHS = (
					"$(inherited)",
					"@executable_path/Frameworks",
				);
				MARKETING_VERSION = 1.0;
				PRODUCT_BUNDLE_IDENTIFIER = com.theoJung.Love365;
				PRODUCT_NAME = "$(TARGET_NAME)";
				SWIFT_EMIT_LOC_STRINGS = YES;
				SWIFT_VERSION = 5.0;
				TARGETED_DEVICE_FAMILY = "1,2";
			};
			name = Debug;
		};
		5B5199F02B86457600C63614 /* Release */ = {
			isa = XCBuildConfiguration;
			baseConfigurationReference = 5B519A102B8654BC00C63614 /* Secrets.xcconfig */;
			buildSettings = {
				ASSETCATALOG_COMPILER_APPICON_NAME = AppIcon;
				ASSETCATALOG_COMPILER_GLOBAL_ACCENT_COLOR_NAME = AccentColor;
				CODE_SIGN_STYLE = Automatic;
				CURRENT_PROJECT_VERSION = 1;
				DEVELOPMENT_ASSET_PATHS = "\"Love365/Preview Content\"";
				DEVELOPMENT_TEAM = R8DA69Y9YC;
				ENABLE_PREVIEWS = YES;
				GENERATE_INFOPLIST_FILE = YES;
				INFOPLIST_FILE = Love365/Info.plist;
				INFOPLIST_KEY_UIApplicationSceneManifest_Generation = YES;
				INFOPLIST_KEY_UIApplicationSupportsIndirectInputEvents = YES;
				INFOPLIST_KEY_UISupportedInterfaceOrientations = UIInterfaceOrientationPortrait;
				IPHONEOS_DEPLOYMENT_TARGET = 16.0;
				LD_RUNPATH_SEARCH_PATHS = (
					"$(inherited)",
					"@executable_path/Frameworks",
				);
				MARKETING_VERSION = 1.0;
				PRODUCT_BUNDLE_IDENTIFIER = com.theoJung.Love365;
				PRODUCT_NAME = "$(TARGET_NAME)";
				SWIFT_EMIT_LOC_STRINGS = YES;
				SWIFT_VERSION = 5.0;
				TARGETED_DEVICE_FAMILY = "1,2";
			};
			name = Release;
		};
		5B5199F22B86457600C63614 /* Debug */ = {
			isa = XCBuildConfiguration;
			buildSettings = {
				ALWAYS_EMBED_SWIFT_STANDARD_LIBRARIES = YES;
				BUNDLE_LOADER = "$(TEST_HOST)";
				CODE_SIGN_STYLE = Automatic;
				CURRENT_PROJECT_VERSION = 1;
				DEVELOPMENT_TEAM = R8DA69Y9YC;
				GENERATE_INFOPLIST_FILE = YES;
				IPHONEOS_DEPLOYMENT_TARGET = 17.2;
				MARKETING_VERSION = 1.0;
				PRODUCT_BUNDLE_IDENTIFIER = com.theoJung.Love365Tests;
				PRODUCT_NAME = "$(TARGET_NAME)";
				SWIFT_EMIT_LOC_STRINGS = NO;
				SWIFT_VERSION = 5.0;
				TARGETED_DEVICE_FAMILY = "1,2";
				TEST_HOST = "$(BUILT_PRODUCTS_DIR)/Love365.app/$(BUNDLE_EXECUTABLE_FOLDER_PATH)/Love365";
			};
			name = Debug;
		};
		5B5199F32B86457600C63614 /* Release */ = {
			isa = XCBuildConfiguration;
			buildSettings = {
				ALWAYS_EMBED_SWIFT_STANDARD_LIBRARIES = YES;
				BUNDLE_LOADER = "$(TEST_HOST)";
				CODE_SIGN_STYLE = Automatic;
				CURRENT_PROJECT_VERSION = 1;
				DEVELOPMENT_TEAM = R8DA69Y9YC;
				GENERATE_INFOPLIST_FILE = YES;
				IPHONEOS_DEPLOYMENT_TARGET = 17.2;
				MARKETING_VERSION = 1.0;
				PRODUCT_BUNDLE_IDENTIFIER = com.theoJung.Love365Tests;
				PRODUCT_NAME = "$(TARGET_NAME)";
				SWIFT_EMIT_LOC_STRINGS = NO;
				SWIFT_VERSION = 5.0;
				TARGETED_DEVICE_FAMILY = "1,2";
				TEST_HOST = "$(BUILT_PRODUCTS_DIR)/Love365.app/$(BUNDLE_EXECUTABLE_FOLDER_PATH)/Love365";
			};
			name = Release;
		};
		5B5199F52B86457600C63614 /* Debug */ = {
			isa = XCBuildConfiguration;
			buildSettings = {
				ALWAYS_EMBED_SWIFT_STANDARD_LIBRARIES = YES;
				CODE_SIGN_STYLE = Automatic;
				CURRENT_PROJECT_VERSION = 1;
				DEVELOPMENT_TEAM = R8DA69Y9YC;
				GENERATE_INFOPLIST_FILE = YES;
				MARKETING_VERSION = 1.0;
				PRODUCT_BUNDLE_IDENTIFIER = com.theoJung.Love365UITests;
				PRODUCT_NAME = "$(TARGET_NAME)";
				SWIFT_EMIT_LOC_STRINGS = NO;
				SWIFT_VERSION = 5.0;
				TARGETED_DEVICE_FAMILY = "1,2";
				TEST_TARGET_NAME = Love365;
			};
			name = Debug;
		};
		5B5199F62B86457600C63614 /* Release */ = {
			isa = XCBuildConfiguration;
			buildSettings = {
				ALWAYS_EMBED_SWIFT_STANDARD_LIBRARIES = YES;
				CODE_SIGN_STYLE = Automatic;
				CURRENT_PROJECT_VERSION = 1;
				DEVELOPMENT_TEAM = R8DA69Y9YC;
				GENERATE_INFOPLIST_FILE = YES;
				MARKETING_VERSION = 1.0;
				PRODUCT_BUNDLE_IDENTIFIER = com.theoJung.Love365UITests;
				PRODUCT_NAME = "$(TARGET_NAME)";
				SWIFT_EMIT_LOC_STRINGS = NO;
				SWIFT_VERSION = 5.0;
				TARGETED_DEVICE_FAMILY = "1,2";
				TEST_TARGET_NAME = Love365;
			};
			name = Release;
		};
/* End XCBuildConfiguration section */

/* Begin XCConfigurationList section */
		5B5199C52B86457400C63614 /* Build configuration list for PBXProject "Love365" */ = {
			isa = XCConfigurationList;
			buildConfigurations = (
				5B5199EC2B86457600C63614 /* Debug */,
				5B5199ED2B86457600C63614 /* Release */,
			);
			defaultConfigurationIsVisible = 0;
			defaultConfigurationName = Release;
		};
		5B5199EE2B86457600C63614 /* Build configuration list for PBXNativeTarget "Love365" */ = {
			isa = XCConfigurationList;
			buildConfigurations = (
				5B5199EF2B86457600C63614 /* Debug */,
				5B5199F02B86457600C63614 /* Release */,
			);
			defaultConfigurationIsVisible = 0;
			defaultConfigurationName = Release;
		};
		5B5199F12B86457600C63614 /* Build configuration list for PBXNativeTarget "Love365Tests" */ = {
			isa = XCConfigurationList;
			buildConfigurations = (
				5B5199F22B86457600C63614 /* Debug */,
				5B5199F32B86457600C63614 /* Release */,
			);
			defaultConfigurationIsVisible = 0;
			defaultConfigurationName = Release;
		};
		5B5199F42B86457600C63614 /* Build configuration list for PBXNativeTarget "Love365UITests" */ = {
			isa = XCConfigurationList;
			buildConfigurations = (
				5B5199F52B86457600C63614 /* Debug */,
				5B5199F62B86457600C63614 /* Release */,
			);
			defaultConfigurationIsVisible = 0;
			defaultConfigurationName = Release;
		};
/* End XCConfigurationList section */

/* Begin XCRemoteSwiftPackageReference section */
		5B519A072B86510000C63614 /* XCRemoteSwiftPackageReference "firebase-ios-sdk" */ = {
			isa = XCRemoteSwiftPackageReference;
			repositoryURL = "https://github.com/firebase/firebase-ios-sdk";
			requirement = {
				kind = upToNextMajorVersion;
				minimumVersion = 10.21.0;
			};
		};
		5B519A1B2B866BD600C63614 /* XCRemoteSwiftPackageReference "GoogleSignIn-iOS" */ = {
			isa = XCRemoteSwiftPackageReference;
			repositoryURL = "https://github.com/google/GoogleSignIn-iOS";
			requirement = {
				kind = upToNextMajorVersion;
				minimumVersion = 7.0.0;
			};
		};
/* End XCRemoteSwiftPackageReference section */

/* Begin XCSwiftPackageProductDependency section */
		5B519A082B86510000C63614 /* FirebaseAuth */ = {
			isa = XCSwiftPackageProductDependency;
			package = 5B519A072B86510000C63614 /* XCRemoteSwiftPackageReference "firebase-ios-sdk" */;
			productName = FirebaseAuth;
		};
		5B519A1C2B866BD600C63614 /* GoogleSignIn */ = {
			isa = XCSwiftPackageProductDependency;
			package = 5B519A1B2B866BD600C63614 /* XCRemoteSwiftPackageReference "GoogleSignIn-iOS" */;
			productName = GoogleSignIn;
		};
		5B519A292B86746D00C63614 /* FirebaseDatabase */ = {
			isa = XCSwiftPackageProductDependency;
			package = 5B519A072B86510000C63614 /* XCRemoteSwiftPackageReference "firebase-ios-sdk" */;
			productName = FirebaseDatabase;
		};
		5B519A2B2B86747A00C63614 /* FirebaseMessaging */ = {
			isa = XCSwiftPackageProductDependency;
			package = 5B519A072B86510000C63614 /* XCRemoteSwiftPackageReference "firebase-ios-sdk" */;
			productName = FirebaseMessaging;
		};
		5B519A2D2B86748400C63614 /* FirebaseStorageCombine-Community */ = {
			isa = XCSwiftPackageProductDependency;
			package = 5B519A072B86510000C63614 /* XCRemoteSwiftPackageReference "firebase-ios-sdk" */;
			productName = "FirebaseStorageCombine-Community";
		};
		5B519A2F2B86749700C63614 /* FirebaseStorage */ = {
			isa = XCSwiftPackageProductDependency;
			package = 5B519A072B86510000C63614 /* XCRemoteSwiftPackageReference "firebase-ios-sdk" */;
			productName = FirebaseStorage;
		};
/* End XCSwiftPackageProductDependency section */
	};
	rootObject = 5B5199C22B86457400C63614 /* Project object */;
}
